
Microsoft Visual Studio Solution File, Format Version 12.00
# Visual Studio 15
VisualStudioVersion = 15.0.27130.2027
MinimumVisualStudioVersion = 10.0.40219.1
Project("{FAE04EC0-301F-11D3-BF4B-00C04F79EFBC}") = "SOtests", "SOtests\SOtests.csproj", "{203F2291-0FC6-4DE1-8EF9-8589848705E1}"
EndProject
Project("{FAE04EC0-301F-11D3-BF4B-00C04F79EFBC}") = "Calculator.Tests", "Calculator.Tests\Calculator.Tests.csproj", "{7EFD5256-FC45-4590-98B4-77076BB5574A}"
EndProject
Project("{FAE04EC0-301F-11D3-BF4B-00C04F79EFBC}") = "CalcForm", "CalcForm\CalcForm.csproj", "{DBC4D453-1BE8-4F06-BC5A-D0A271DB0015}"
EndProject
Global
	GlobalSection(SolutionConfigurationPlatforms) = preSolution
		Debug|Any CPU = Debug|Any CPU
		Release|Any CPU = Release|Any CPU
	EndGlobalSection
	GlobalSection(ProjectConfigurationPlatforms) = postSolution
		{203F2291-0FC6-4DE1-8EF9-8589848705E1}.Debug|Any CPU.ActiveCfg = Debug|Any CPU
		{203F2291-0FC6-4DE1-8EF9-8589848705E1}.Debug|Any CPU.Build.0 = Debug|Any CPU
		{203F2291-0FC6-4DE1-8EF9-8589848705E1}.Release|Any CPU.ActiveCfg = Release|Any CPU
		{203F2291-0FC6-4DE1-8EF9-8589848705E1}.Release|Any CPU.Build.0 = Release|Any CPU
		{7EFD5256-FC45-4590-98B4-77076BB5574A}.Debug|Any CPU.ActiveCfg = Debug|Any CPU
		{7EFD5256-FC45-4590-98B4-77076BB5574A}.Debug|Any CPU.Build.0 = Debug|Any CPU
		{7EFD5256-FC45-4590-98B4-77076BB5574A}.Release|Any CPU.ActiveCfg = Release|Any CPU
		{7EFD5256-FC45-4590-98B4-77076BB5574A}.Release|Any CPU.Build.0 = Release|Any CPU
		{DBC4D453-1BE8-4F06-BC5A-D0A271DB0015}.Debug|Any CPU.ActiveCfg = Debug|Any CPU
		{DBC4D453-1BE8-4F06-BC5A-D0A271DB0015}.Debug|Any CPU.Build.0 = Debug|Any CPU
		{DBC4D453-1BE8-4F06-BC5A-D0A271DB0015}.Release|Any CPU.ActiveCfg = Release|Any CPU
		{DBC4D453-1BE8-4F06-BC5A-D0A271DB0015}.Release|Any CPU.Build.0 = Release|Any CPU
	EndGlobalSection
	GlobalSection(SolutionProperties) = preSolution
		HideSolutionNode = FALSE
	EndGlobalSection
	GlobalSection(ExtensibilityGlobals) = postSolution
		SolutionGuid = {1B2F94E9-63E3-443C-8620-812174CF9BC8}
	EndGlobalSection
EndGlobal
